schema: '2.0'
stages:
  train:
    cmd: python main.py train --data data/raw/customer_churn.csv --model-output
      artifacts/models/churn_pipeline.joblib --metrics-output
      reports/metrics/training_metrics.json
    deps:
    - path: data/raw/customer_churn.csv
      hash: md5
      md5: 47d673619ec60305f27bc313928eb2c2
      size: 116545
    - path: main.py
      hash: md5
      md5: ad1f76c9a3a47617030607620dfd1f08
      size: 3497
    - path: src/data
      hash: md5
      md5: e52a676447cef9dc54c5bd990fb9e58b.dir
      size: 6106
      nfiles: 4
    - path: src/features
      hash: md5
      md5: a7d48677bce6cd1817be8c138f676b1e.dir
      size: 5276
      nfiles: 3
    - path: src/models
      hash: md5
      md5: 7bcd21345498dd462110aab34e03476b.dir
      size: 8229
      nfiles: 5
    - path: src/utils
      hash: md5
      md5: 50c29f5a6654a4419dbcd0cae52f9631.dir
      size: 3802
      nfiles: 5
    params:
      params.yaml:
        model.algorithm: logistic_regression
        model.class_weight: balanced
        model.max_iter: 1000
        training.random_state: 42
        training.test_size: 0.2
    outs:
    - path: artifacts/models/churn_pipeline.joblib
      hash: md5
      md5: e70835139e8b9d2571e7363933160387
      size: 7002
    - path: reports/metrics/training_metrics.json
      hash: md5
      md5: ef6e6c13f62bfedafe13107f1cf53561
      size: 217
  predict:
    cmd: python main.py predict --data data/raw/customer_churn.csv --model
      artifacts/models/churn_pipeline.joblib --output
      reports/predictions/customer_predictions.csv --threshold 0.45
    deps:
    - path: artifacts/models/churn_pipeline.joblib
      hash: md5
      md5: e70835139e8b9d2571e7363933160387
      size: 7002
    - path: data/raw/customer_churn.csv
      hash: md5
      md5: 47d673619ec60305f27bc313928eb2c2
      size: 116545
    - path: main.py
      hash: md5
      md5: ad1f76c9a3a47617030607620dfd1f08
      size: 3497
    - path: src/features
      hash: md5
      md5: a7d48677bce6cd1817be8c138f676b1e.dir
      size: 5276
      nfiles: 3
    - path: src/models
      hash: md5
      md5: 7bcd21345498dd462110aab34e03476b.dir
      size: 8229
      nfiles: 5
    - path: src/utils
      hash: md5
      md5: 50c29f5a6654a4419dbcd0cae52f9631.dir
      size: 3802
      nfiles: 5
    params:
      params.yaml:
        prediction.threshold: 0.45
    outs:
    - path: reports/predictions/customer_predictions.csv
      hash: md5
      md5: 7e254d04533c7504ef3cc7e0455212df
      size: 32300
